{
  "version": "2",
  "remote": {
    "https://deno.land/std@0.106.0/fmt/colors.ts": "d2f8355f00a74404668fc5a1e4a92983ce1a9b0a6ac1d40efbd681cb8f519586",
    "https://deno.land/std@0.116.0/_util/assert.ts": "2f868145a042a11d5ad0a3c748dcf580add8a0dbc0e876eaa0026303a5488f58",
    "https://deno.land/std@0.116.0/_util/os.ts": "dfb186cc4e968c770ab6cc3288bd65f4871be03b93beecae57d657232ecffcac",
    "https://deno.land/std@0.116.0/fs/walk.ts": "31464d75099aa3fc7764212576a8772dfabb2692783e6eabb910f874a26eac54",
    "https://deno.land/std@0.116.0/path/_constants.ts": "1247fee4a79b70c89f23499691ef169b41b6ccf01887a0abd131009c5581b853",
    "https://deno.land/std@0.116.0/path/_interface.ts": "1fa73b02aaa24867e481a48492b44f2598cd9dfa513c7b34001437007d3642e4",
    "https://deno.land/std@0.116.0/path/_util.ts": "2e06a3b9e79beaf62687196bd4b60a4c391d862cfa007a20fc3a39f778ba073b",
    "https://deno.land/std@0.116.0/path/common.ts": "f41a38a0719a1e85aa11c6ba3bea5e37c15dd009d705bd8873f94c833568cbc4",
    "https://deno.land/std@0.116.0/path/glob.ts": "ea87985765b977cc284b92771003b2070c440e0807c90e1eb0ff3e095911a820",
    "https://deno.land/std@0.116.0/path/mod.ts": "4465dc494f271b02569edbb4a18d727063b5dbd6ed84283ff906260970a15d12",
    "https://deno.land/std@0.116.0/path/posix.ts": "34349174b9cd121625a2810837a82dd8b986bbaaad5ade690d1de75bbb4555b2",
    "https://deno.land/std@0.116.0/path/separator.ts": "8fdcf289b1b76fd726a508f57d3370ca029ae6976fcde5044007f062e643ff1c",
    "https://deno.land/std@0.116.0/path/win32.ts": "11549e8c6df8307a8efcfa47ad7b2a75da743eac7d4c89c9723a944661c8bd2e",
    "https://deno.land/std@0.158.0/_util/assert.ts": "e94f2eb37cebd7f199952e242c77654e43333c1ac4c5c700e929ea3aa5489f74",
    "https://deno.land/std@0.158.0/_util/os.ts": "8a33345f74990e627b9dfe2de9b040004b08ea5146c7c9e8fe9a29070d193934",
    "https://deno.land/std@0.158.0/path/_constants.ts": "df1db3ffa6dd6d1252cc9617e5d72165cd2483df90e93833e13580687b6083c3",
    "https://deno.land/std@0.158.0/path/_interface.ts": "ee3b431a336b80cf445441109d089b70d87d5e248f4f90ff906820889ecf8d09",
    "https://deno.land/std@0.158.0/path/_util.ts": "d16be2a16e1204b65f9d0dfc54a9bc472cafe5f4a190b3c8471ec2016ccd1677",
    "https://deno.land/std@0.158.0/path/common.ts": "bee563630abd2d97f99d83c96c2fa0cca7cee103e8cb4e7699ec4d5db7bd2633",
    "https://deno.land/std@0.158.0/path/glob.ts": "cb5255638de1048973c3e69e420c77dc04f75755524cb3b2e160fe9277d939ee",
    "https://deno.land/std@0.158.0/path/mod.ts": "56fec03ad0ebd61b6ab39ddb9b0ddb4c4a5c9f2f4f632e09dd37ec9ebfd722ac",
    "https://deno.land/std@0.158.0/path/posix.ts": "c1f7afe274290ea0b51da07ee205653b2964bd74909a82deb07b69a6cc383aaa",
    "https://deno.land/std@0.158.0/path/separator.ts": "fe1816cb765a8068afb3e8f13ad272351c85cbc739af56dacfc7d93d710fe0f9",
    "https://deno.land/std@0.158.0/path/win32.ts": "bd7549042e37879c68ff2f8576a25950abbfca1d696d41d82c7bca0b7e6f452c",
    "https://deno.land/std@0.165.0/_util/asserts.ts": "d0844e9b62510f89ce1f9878b046f6a57bf88f208a10304aab50efcb48365272",
    "https://deno.land/std@0.165.0/_util/os.ts": "8a33345f74990e627b9dfe2de9b040004b08ea5146c7c9e8fe9a29070d193934",
    "https://deno.land/std@0.165.0/bytes/equals.ts": "3c3558c3ae85526f84510aa2b48ab2ad7bdd899e2e0f5b7a8ffc85acb3a6043a",
    "https://deno.land/std@0.165.0/bytes/mod.ts": "b2e342fd3669176a27a4e15061e9d588b89c1aaf5008ab71766e23669565d179",
    "https://deno.land/std@0.165.0/encoding/base64.ts": "c57868ca7fa2fbe919f57f88a623ad34e3d970d675bdc1ff3a9d02bba7409db2",
    "https://deno.land/std@0.165.0/encoding/base64url.ts": "a5f82a9fa703bd85a5eb8e7c1296bc6529e601ebd9642cc2b5eaa6b38fa9e05a",
    "https://deno.land/std@0.165.0/node/_utils.ts": "1085a229e910b3a6672f3c3be05507591811dc67be2ae2188e9fc9ef4376b172",
    "https://deno.land/std@0.165.0/node/buffer.ts": "43f07b2d1523345bf35b7deb7fcdad6e916020a631a7bc1b5efcaff556db4e1d",
    "https://deno.land/std@0.165.0/node/internal/buffer.d.ts": "90f674081428a61978b6d481c5f557ff743a3f4a85d7ae113caab48fdf5b8a63",
    "https://deno.land/std@0.165.0/node/internal/buffer.mjs": "70b74b34f1617b3492aee6dec35c7bdabbf26e034bfcf640aa61b3d63c5c850f",
    "https://deno.land/std@0.165.0/node/internal/crypto/_keys.ts": "63229ff3d8d15b5bd0a1d2ebc19313cbb8ac969875bf16df1ce4f2b497d74fb5",
    "https://deno.land/std@0.165.0/node/internal/crypto/constants.ts": "d2c8821977aef55e4d66414d623c24a2447791a8b49b6404b8db32d81e20c315",
    "https://deno.land/std@0.165.0/node/internal/error_codes.ts": "ac03c4eae33de3a69d6c98e8678003207eecf75a6900eb847e3fea3c8c9e6d8f",
    "https://deno.land/std@0.165.0/node/internal/errors.ts": "b9aec7d1fe3eaf21322d0ea9dc2fcb344055d6b0c7a1bd0f62a0c379a5baa799",
    "https://deno.land/std@0.165.0/node/internal/hide_stack_frames.ts": "a91962ec84610bc7ec86022c4593cdf688156a5910c07b5bcd71994225c13a03",
    "https://deno.land/std@0.165.0/node/internal/normalize_encoding.mjs": "3779ec8a7adf5d963b0224f9b85d1bc974a2ec2db0e858396b5d3c2c92138a0a",
    "https://deno.land/std@0.165.0/node/internal/primordials.mjs": "7cf5afe471583e4a384eeea109bdff276b6b7f3a3af830f99f951fb7d57ef423",
    "https://deno.land/std@0.165.0/node/internal/util.mjs": "35d24fb775468cd24443bcf0ec68904b8aa44e5b53845491a5e3382421917f9a",
    "https://deno.land/std@0.165.0/node/internal/util/inspect.mjs": "1ddace0c97719d2cc0869ba177d375e96051301352ec235cbfb2ecbfcd4e8fba",
    "https://deno.land/std@0.165.0/node/internal/util/types.ts": "de6e2b7f9b9985ab881b1e78f05ae51d1fc829ae1584063df21e57b35312f3c4",
    "https://deno.land/std@0.165.0/node/internal/validators.mjs": "67deae0f488d013c8bf485742a5478112b8e48837cb2458c4a8b2669cf7017db",
    "https://deno.land/std@0.165.0/node/internal_binding/_libuv_winerror.ts": "801e05c2742ae6cd42a5f0fd555a255a7308a65732551e962e5345f55eedc519",
    "https://deno.land/std@0.165.0/node/internal_binding/_node.ts": "e4075ba8a37aef4eb5b592c8e3807c39cb49ca8653faf8e01a43421938076c1b",
    "https://deno.land/std@0.165.0/node/internal_binding/_utils.ts": "1c50883b5751a9ea1b38951e62ed63bacfdc9d69ea665292edfa28e1b1c5bd94",
    "https://deno.land/std@0.165.0/node/internal_binding/_winerror.ts": "8811d4be66f918c165370b619259c1f35e8c3e458b8539db64c704fbde0a7cd2",
    "https://deno.land/std@0.165.0/node/internal_binding/buffer.ts": "781e1d13adc924864e6e37ecb5152e8a4e994cf394695136e451c47f00bda76c",
    "https://deno.land/std@0.165.0/node/internal_binding/constants.ts": "f4afc504137fb21f3908ab549931604968dfa62432b285a0874f41c4cade9ed2",
    "https://deno.land/std@0.165.0/node/internal_binding/string_decoder.ts": "5cb1863763d1e9b458bc21d6f976f16d9c18b3b3f57eaf0ade120aee38fba227",
    "https://deno.land/std@0.165.0/node/internal_binding/types.ts": "4c26fb74ba2e45de553c15014c916df6789529a93171e450d5afb016b4c765e7",
    "https://deno.land/std@0.165.0/node/internal_binding/util.ts": "faf5146c3cc3b2d6c26026a818b4a16e91488ab26e63c069f36ba3c3ae24c97b",
    "https://deno.land/std@0.165.0/node/internal_binding/uv.ts": "3a63eebe0b69334bab5e9f037aadde1aef59ab21ab0e4cd01ac588d919be2c75",
    "https://deno.land/std@0.97.0/fmt/colors.ts": "db22b314a2ae9430ae7460ce005e0a7130e23ae1c999157e3bb77cf55800f7e4",
    "https://deno.land/std@0.97.0/testing/_diff.ts": "961eaf6d9f5b0a8556c9d835bbc6fa74f5addd7d3b02728ba7936ff93364f7a3",
    "https://deno.land/std@0.97.0/testing/asserts.ts": "341292d12eebc44be4c3c2ca101ba8b6b5859cef2fa69d50c217f9d0bfbcfd1f",
    "https://deno.land/x/expect@v0.2.9/expect.ts": "128c60f94ff3f977e2a649463238e403f9bdb8e6ab77e65214c0236bd61b0111",
    "https://deno.land/x/expect@v0.2.9/matchers.ts": "ba7360b73c5031a22449fa98eb4d5dbe7f256a88dd4c22ccae96dc6c01f0b19c",
    "https://deno.land/x/expect@v0.2.9/mock.ts": "562d4b1d735d15b0b8e935f342679096b64fe452f86e96714fe8616c0c884914",
    "https://deno.land/x/expect@v0.2.9/mod.ts": "0304d2430e1e96ba669a8495e24ba606dcc3d152e1f81aaa8da898cea24e36c2",
    "https://deno.land/x/jszip@0.11.0/mod.ts": "5661ddc18e9ac9c07e3c5d2483bc912a7022b6af0d784bb7b05035973e640ba1",
    "https://deno.land/x/jszip@0.11.0/types.ts": "1528d1279fbb64dd118c371331c641a3a5eff2b594336fb38a7659cf4c53b2d1",
    "https://deno.land/x/tincan@1.0.1/mod.ts": "9473507398048cb24dbb37b3a220777106c69c28d573898648deb2bb84a7e131",
    "https://deno.land/x/tincan@1.0.1/src/deps.ts": "b02ae57b7ab5035b903f2526b278c26a301e05242668a77eb9e2e82011b651aa",
    "https://deno.land/x/tincan@1.0.1/src/environment.ts": "1096dc35b77ee070bba03584489f71c446574d3a7676936ab0bb4aed507d7e27",
    "https://deno.land/x/tincan@1.0.1/src/mod.ts": "faf52271dbf61ff40b29d60e1d4f8d80f4ad167beebc40905d16779617d07463",
    "https://deno.land/x/tincan@1.0.1/src/nodes/mod.ts": "c22f058dd205d10c3b261c9afdbcd95a8eb807401e822f9c899cca2ab0f16473",
    "https://deno.land/x/tincan@1.0.1/src/nodes/nodes.ts": "a8b8b3178868c8b13a6d4d0c96cb41e4c1df48719a8cd2977495af9f9352ab04",
    "https://deno.land/x/tincan@1.0.1/src/nodes/tree.ts": "c119fb6a2ee1fe9833b70111382cc8d9a3f5b875b4bb65a0e8774d919193faa3",
    "https://deno.land/x/tincan@1.0.1/src/nodes/utilities.ts": "5e6a6f0e2650df4e10f7dfde889ef88a588fe9c3b3618aca2acd47e80b3ee3d8",
    "https://deno.land/x/tincan@1.0.1/src/reporter.ts": "84e09297da18c840076be951c02c749678b75dc89b2575f34db1378cbb509939",
    "https://deno.land/x/tincan@1.0.1/src/runner.ts": "54e1a0934a52469437bd4655df51f0c9148327d94a2b0d6c175f6f992a697b86",
    "https://deno.land/x/xml_renderer@5.0.5/mod.ts": "8902d419509a134793b9c4acf48571da307d58c7bed45abcbb246ff2362c7fe2",
    "https://deno.land/x/xml_renderer@5.0.5/src/GenericRenderer.ts": "6b3735231f41aad1cc28fd37b693ffff2c04bc08a97b2703a5feeba3a6846ad5",
    "https://deno.land/x/xml_renderer@5.0.5/src/Registry.ts": "7f1e1598eb10a8659b38da5a44295585a7d1bc2c902a0de6b03a8bca477af651",
    "https://deno.land/x/xml_renderer@5.0.5/src/Renderer.ts": "91fb9962a742a9c9a4451b797db655077b8e07f8e6bb8c9936aef2005d7a4912",
    "https://deno.land/x/xml_renderer@5.0.5/src/types.ts": "6702e70247c75e2465779018dafe5df7685384181730258e0321b8dc7329645c",
    "https://esm.sh/fontoxpath@3.26.0": "317303148c3313a1e861e57c486ace34e3ac2b99018307b8d1e857f1ca861dc5",
    "https://esm.sh/fontoxpath@3.27.1?pin=v96": "2124c2474327b62aec8e16896dfef1c6c89d3514170dc72d33caf262fa929a95",
    "https://esm.sh/jszip@3.7.1": "2d8d41e5736a67f03b323f8af666cae13c94665c0468a2aefe503e03225b52cb",
    "https://esm.sh/slimdom@4.0.2?pin=v96": "088d6a0f52654e12fd8f2b65c84433ba439e3afa9eaed9668c80993ac16cf121",
    "https://esm.sh/v96/fontoxpath@3.27.1/deno/fontoxpath.js": "9fef8b95b63aac0d31f38ee27e321e2c37d7a1285bdac0e9f73b8df2f3779091",
    "https://esm.sh/v96/fontoxpath@3.27.1/dist/fontoxpath.d.ts": "6f68250712336fe71350e729f18ad133bc207e1ad9bb11a9a56cf6a5265931a1",
    "https://esm.sh/v96/prsc@4.0.0/deno/prsc.js": "a1e2f4ed258cc1e1d365a0191bcfb8e54c0627f6a6a3c2e53a3adca142135d2d",
    "https://esm.sh/v96/slimdom@4.0.2/deno/slimdom.js": "f732e0fdb676d68c85983fed0de1a003b38bc6d179345b9f6860974a4cb5c369",
    "https://esm.sh/v96/slimdom@4.0.2/dist/slimdom.d.ts": "fccef49928d088a1dc56d42a9e51eb6a87fb670b1b94a724be7502a345f7cfe8",
    "https://esm.sh/v96/whynot@5.0.0/deno/whynot.js": "3849462f76c3da60d77988fc63d7cb1e94d74ced16bcab00a6e8facb19421522",
    "https://esm.sh/v96/xspattern@3.0.0/deno/xspattern.js": "8a0bbdede05cd8ed8c71da12bce146d674117211be96294b5ab87b14d221da95",
    "https://esm.sh/v99/fontoxpath@3.26.0/deno/fontoxpath.js": "2deeeca3cda8afbf749dae17623eb948be676ec26022613b73ce256150c72ca1",
    "https://esm.sh/v99/fontoxpath@3.26.0/dist/fontoxpath.d.ts": "c1cc5234527633ec6bcbb44095d1cae4779e4c0057cd545fd6cfaa3f43f80648",
    "https://esm.sh/v99/jszip@3.7.1/deno/jszip.js": "ee44e976f5bc23dd93e64e557f29598d7f7668328e41e506fd07d48f8bc8f8fd",
    "https://esm.sh/v99/jszip@3.7.1/index.d.ts": "952983b64fd4b94ceb74158c4586ce718b2af997d3a878e12fab1a572b911c97",
    "https://esm.sh/v99/node.ns.d.ts": "0fb081f0cd2150931bd54baa04f31466abd9ca701fd9060d07931402cf8367ba",
    "https://esm.sh/v99/prsc@2.0.1/deno/prsc.js": "8e9bf8ae57e983bb40f4bc58db18c10e1d1f5a08275f4b51c799f6861fdf7fe5",
    "https://esm.sh/v99/whynot@4.0.1/deno/whynot.js": "692f625fdbadeb933be4948cf0dc150d8f7ca1ef9e8ce852a43236e952c3c45e",
    "https://esm.sh/v99/xspattern@2.0.1/deno/xspattern.js": "442928b373d361acc825d4f72daa61a9a446e972c5432eadc49dbd683f655aa4"
  }
}
